
Microsoft Visual Studio Solution File, Format Version 12.00
# Visual Studio Version 17
VisualStudioVersion = 17.9.34902.65
MinimumVisualStudioVersion = 10.0.40219.1
Project("{FAE04EC0-301F-11D3-BF4B-00C04F79EFBC}") = "arthimetic operation", "arthimetic operation\arthimetic operation.csproj", "{55FF3E25-639F-41A4-85F8-70CB69D55B5C}"
EndProject
Global
	GlobalSection(SolutionConfigurationPlatforms) = preSolution
		Debug|Any CPU = Debug|Any CPU
		Release|Any CPU = Release|Any CPU
	EndGlobalSection
	GlobalSection(ProjectConfigurationPlatforms) = postSolution
		{55FF3E25-639F-41A4-85F8-70CB69D55B5C}.Debug|Any CPU.ActiveCfg = Debug|Any CPU
		{55FF3E25-639F-41A4-85F8-70CB69D55B5C}.Debug|Any CPU.Build.0 = Debug|Any CPU
		{55FF3E25-639F-41A4-85F8-70CB69D55B5C}.Release|Any CPU.ActiveCfg = Release|Any CPU
		{55FF3E25-639F-41A4-85F8-70CB69D55B5C}.Release|Any CPU.Build.0 = Release|Any CPU
	EndGlobalSection
	GlobalSection(SolutionProperties) = preSolution
		HideSolutionNode = FALSE
	EndGlobalSection
	GlobalSection(ExtensibilityGlobals) = postSolution
		SolutionGuid = {64963E24-907E-4CD4-8A69-D3342BF9538A}
	EndGlobalSection
EndGlobal
